PODS:
  - Realm (20.0.0):
    - Realm/Headers (= 20.0.0)
  - Realm/Headers (20.0.0)
  - RealmSwift (20.0.0):
    - Realm (= 20.0.0)
  - SnapKit (5.7.1)
  - Toast-Swift (5.1.1)

DEPENDENCIES:
  - RealmSwift
  - SnapKit
  - Toast-Swift

SPEC REPOS:
  trunk:
    - Realm
    - RealmSwift
    - SnapKit
    - Toast-Swift

SPEC CHECKSUMS:
  Realm: a799b5f9145623fb0bfe149fe81422863631dd0f
  RealmSwift: f8c4354ebd5053343e6ab9f4eda244145308a51e
  SnapKit: d612e99e678a2d3b95bf60b0705ed0a35c03484a
  Toast-Swift: 7a03a532afe3a560d4044bc7c237e2864d295173

PODFILE CHECKSUM: 2e214de0531b58c9f743f372c4311e6deb8eacb7

COCOAPODS: 1.16.2
